
Microsoft Visual Studio Solution File, Format Version 12.00
# Visual Studio Version 17
VisualStudioVersion = 17.4.33205.214
MinimumVisualStudioVersion = 10.0.40219.1
Project("{9A19103F-16F7-4668-BE54-9A1E7A4F7556}") = "deepro.BookStore", "deepro.BookStore\deepro.BookStore.csproj", "{093810C3-93D2-4FAC-9BC3-1DD46E4D55BB}"
EndProject
Global
	GlobalSection(SolutionConfigurationPlatforms) = preSolution
		Debug|Any CPU = Debug|Any CPU
		Release|Any CPU = Release|Any CPU
	EndGlobalSection
	GlobalSection(ProjectConfigurationPlatforms) = postSolution
		{093810C3-93D2-4FAC-9BC3-1DD46E4D55BB}.Debug|Any CPU.ActiveCfg = Debug|Any CPU
		{093810C3-93D2-4FAC-9BC3-1DD46E4D55BB}.Debug|Any CPU.Build.0 = Debug|Any CPU
		{093810C3-93D2-4FAC-9BC3-1DD46E4D55BB}.Release|Any CPU.ActiveCfg = Release|Any CPU
		{093810C3-93D2-4FAC-9BC3-1DD46E4D55BB}.Release|Any CPU.Build.0 = Release|Any CPU
	EndGlobalSection
	GlobalSection(SolutionProperties) = preSolution
		HideSolutionNode = FALSE
	EndGlobalSection
	GlobalSection(ExtensibilityGlobals) = postSolution
		SolutionGuid = {05CB5DBC-3EB8-48A0-A4FA-8B5A3687ABC8}
	EndGlobalSection
EndGlobal
